
Microsoft Visual Studio Solution File, Format Version 11.00
# Visual Studio 2010
Project("{FAE04EC0-301F-11D3-BF4B-00C04F79EFBC}") = "TestOrientedDevelopment.Tip1", "TestOrientedDevelopment.Tip1\TestOrientedDevelopment.Tip1.csproj", "{94A19D87-7634-4C95-906B-BEA9EDCEC269}"
EndProject
Project("{2150E333-8FDC-42A3-9474-1A3956D46DE8}") = "Tips", "Tips", "{4012F00E-9BBB-4CC2-A45E-CA46A7FB6ADB}"
EndProject
Project("{2150E333-8FDC-42A3-9474-1A3956D46DE8}") = "Tests", "Tests", "{5960B876-7C2E-4A6E-B55F-AFA0E931B192}"
EndProject
Project("{FAE04EC0-301F-11D3-BF4B-00C04F79EFBC}") = "TestOrientedDevelopment.Tip1.Tests", "TestOrientedDevelopment.Tip1.Tests\TestOrientedDevelopment.Tip1.Tests.csproj", "{139613B0-949C-400B-BC60-769331F75B6E}"
EndProject
Project("{2150E333-8FDC-42A3-9474-1A3956D46DE8}") = "Solution Items", "Solution Items", "{13258B69-0D90-4558-B732-2521114BCDCC}"
	ProjectSection(SolutionItems) = preProject
		Local.testsettings = Local.testsettings
		TestOrientedDevelopment.vsmdi = TestOrientedDevelopment.vsmdi
		TraceAndTestImpact.testsettings = TraceAndTestImpact.testsettings
	EndProjectSection
EndProject
Project("{FAE04EC0-301F-11D3-BF4B-00C04F79EFBC}") = "TestOrientedDevelopment.Tip3", "TestOrientedDevelopment.Tip3\TestOrientedDevelopment.Tip3.csproj", "{CEA39143-51C2-4B83-AE79-E70C239D7945}"
EndProject
Project("{FAE04EC0-301F-11D3-BF4B-00C04F79EFBC}") = "TestOrientedDevelopment.Tip2", "TestOrientedDevelopment.Tip2\TestOrientedDevelopment.Tip2.csproj", "{A937C926-E5B1-4B5A-8CF0-F84D6BF467B6}"
EndProject
Project("{FAE04EC0-301F-11D3-BF4B-00C04F79EFBC}") = "TestOrientedDevelopment.Tip2.Tests", "TestOrientedDevelopment.Tip2.Tests\TestOrientedDevelopment.Tip2.Tests.csproj", "{5F10832D-7D2C-4B46-B9D4-EA863FF662FE}"
EndProject
Global
	GlobalSection(TestCaseManagementSettings) = postSolution
		CategoryFile = TestOrientedDevelopment.vsmdi
	EndGlobalSection
	GlobalSection(SolutionConfigurationPlatforms) = preSolution
		Debug|Any CPU = Debug|Any CPU
		Release|Any CPU = Release|Any CPU
	EndGlobalSection
	GlobalSection(ProjectConfigurationPlatforms) = postSolution
		{94A19D87-7634-4C95-906B-BEA9EDCEC269}.Debug|Any CPU.ActiveCfg = Debug|Any CPU
		{94A19D87-7634-4C95-906B-BEA9EDCEC269}.Debug|Any CPU.Build.0 = Debug|Any CPU
		{94A19D87-7634-4C95-906B-BEA9EDCEC269}.Release|Any CPU.ActiveCfg = Release|Any CPU
		{94A19D87-7634-4C95-906B-BEA9EDCEC269}.Release|Any CPU.Build.0 = Release|Any CPU
		{139613B0-949C-400B-BC60-769331F75B6E}.Debug|Any CPU.ActiveCfg = Debug|Any CPU
		{139613B0-949C-400B-BC60-769331F75B6E}.Debug|Any CPU.Build.0 = Debug|Any CPU
		{139613B0-949C-400B-BC60-769331F75B6E}.Release|Any CPU.ActiveCfg = Release|Any CPU
		{139613B0-949C-400B-BC60-769331F75B6E}.Release|Any CPU.Build.0 = Release|Any CPU
		{CEA39143-51C2-4B83-AE79-E70C239D7945}.Debug|Any CPU.ActiveCfg = Debug|Any CPU
		{CEA39143-51C2-4B83-AE79-E70C239D7945}.Debug|Any CPU.Build.0 = Debug|Any CPU
		{CEA39143-51C2-4B83-AE79-E70C239D7945}.Release|Any CPU.ActiveCfg = Release|Any CPU
		{CEA39143-51C2-4B83-AE79-E70C239D7945}.Release|Any CPU.Build.0 = Release|Any CPU
		{A937C926-E5B1-4B5A-8CF0-F84D6BF467B6}.Debug|Any CPU.ActiveCfg = Debug|Any CPU
		{A937C926-E5B1-4B5A-8CF0-F84D6BF467B6}.Debug|Any CPU.Build.0 = Debug|Any CPU
		{A937C926-E5B1-4B5A-8CF0-F84D6BF467B6}.Release|Any CPU.ActiveCfg = Release|Any CPU
		{A937C926-E5B1-4B5A-8CF0-F84D6BF467B6}.Release|Any CPU.Build.0 = Release|Any CPU
		{5F10832D-7D2C-4B46-B9D4-EA863FF662FE}.Debug|Any CPU.ActiveCfg = Debug|Any CPU
		{5F10832D-7D2C-4B46-B9D4-EA863FF662FE}.Debug|Any CPU.Build.0 = Debug|Any CPU
		{5F10832D-7D2C-4B46-B9D4-EA863FF662FE}.Release|Any CPU.ActiveCfg = Release|Any CPU
		{5F10832D-7D2C-4B46-B9D4-EA863FF662FE}.Release|Any CPU.Build.0 = Release|Any CPU
	EndGlobalSection
	GlobalSection(SolutionProperties) = preSolution
		HideSolutionNode = FALSE
	EndGlobalSection
	GlobalSection(NestedProjects) = preSolution
		{94A19D87-7634-4C95-906B-BEA9EDCEC269} = {4012F00E-9BBB-4CC2-A45E-CA46A7FB6ADB}
		{CEA39143-51C2-4B83-AE79-E70C239D7945} = {4012F00E-9BBB-4CC2-A45E-CA46A7FB6ADB}
		{A937C926-E5B1-4B5A-8CF0-F84D6BF467B6} = {4012F00E-9BBB-4CC2-A45E-CA46A7FB6ADB}
		{139613B0-949C-400B-BC60-769331F75B6E} = {5960B876-7C2E-4A6E-B55F-AFA0E931B192}
		{13258B69-0D90-4558-B732-2521114BCDCC} = {5960B876-7C2E-4A6E-B55F-AFA0E931B192}
		{5F10832D-7D2C-4B46-B9D4-EA863FF662FE} = {5960B876-7C2E-4A6E-B55F-AFA0E931B192}
	EndGlobalSection
EndGlobal
