
Microsoft Visual Studio Solution File, Format Version 11.00
# Visual Studio 2010
Project("{2150E333-8FDC-42A3-9474-1A3956D46DE8}") = "Domain", "Domain", "{A5E2B612-ABF5-4E8A-B88E-613F38D40485}"
EndProject
Project("{2150E333-8FDC-42A3-9474-1A3956D46DE8}") = "Tests", "Tests", "{18D71153-0F0B-49A8-87E9-9510A8B800EF}"
EndProject
Project("{FAE04EC0-301F-11D3-BF4B-00C04F79EFBC}") = "DesigningTestableApplications.ORM", "DesigningTestableApplications.ORM\DesigningTestableApplications.ORM.csproj", "{AB511A11-E7F1-4F26-B517-C5C6DE5DB6CA}"
EndProject
Project("{2150E333-8FDC-42A3-9474-1A3956D46DE8}") = "Application", "Application", "{E811FA7E-3893-4E04-965F-E7FA7405D4A0}"
EndProject
Project("{FAE04EC0-301F-11D3-BF4B-00C04F79EFBC}") = "DesigningTestableApplications.Application", "DesigningTestableApplications.Application\DesigningTestableApplications.Application.csproj", "{DFD861B2-3CEA-43EA-8C54-F4B5DC77CD2C}"
EndProject
Project("{FAE04EC0-301F-11D3-BF4B-00C04F79EFBC}") = "DesigningTestableApplications.Model", "DesigningTestableApplications.Model\DesigningTestableApplications.Model.csproj", "{F15CF86B-0D19-4D17-9B85-DB5D1771AFEB}"
EndProject
Project("{FAE04EC0-301F-11D3-BF4B-00C04F79EFBC}") = "DesigningTestableApplications.Tests", "DesigningTestableApplications.Tests\DesigningTestableApplications.Tests.csproj", "{FDE84437-FB20-4034-B274-E6AC7667C584}"
EndProject
Project("{2150E333-8FDC-42A3-9474-1A3956D46DE8}") = "Solution Items", "Solution Items", "{8AC01E8A-510D-4E70-B5DC-4240C9CA840E}"
	ProjectSection(SolutionItems) = preProject
		DesigningTestableApplications.vsmdi = DesigningTestableApplications.vsmdi
		Local.testsettings = Local.testsettings
		TraceAndTestImpact.testsettings = TraceAndTestImpact.testsettings
	EndProjectSection
EndProject
Global
	GlobalSection(TestCaseManagementSettings) = postSolution
		CategoryFile = DesigningTestableApplications.vsmdi
	EndGlobalSection
	GlobalSection(SolutionConfigurationPlatforms) = preSolution
		Debug|Any CPU = Debug|Any CPU
		Release|Any CPU = Release|Any CPU
	EndGlobalSection
	GlobalSection(ProjectConfigurationPlatforms) = postSolution
		{AB511A11-E7F1-4F26-B517-C5C6DE5DB6CA}.Debug|Any CPU.ActiveCfg = Debug|Any CPU
		{AB511A11-E7F1-4F26-B517-C5C6DE5DB6CA}.Debug|Any CPU.Build.0 = Debug|Any CPU
		{AB511A11-E7F1-4F26-B517-C5C6DE5DB6CA}.Release|Any CPU.ActiveCfg = Release|Any CPU
		{AB511A11-E7F1-4F26-B517-C5C6DE5DB6CA}.Release|Any CPU.Build.0 = Release|Any CPU
		{DFD861B2-3CEA-43EA-8C54-F4B5DC77CD2C}.Debug|Any CPU.ActiveCfg = Debug|Any CPU
		{DFD861B2-3CEA-43EA-8C54-F4B5DC77CD2C}.Debug|Any CPU.Build.0 = Debug|Any CPU
		{DFD861B2-3CEA-43EA-8C54-F4B5DC77CD2C}.Release|Any CPU.ActiveCfg = Release|Any CPU
		{DFD861B2-3CEA-43EA-8C54-F4B5DC77CD2C}.Release|Any CPU.Build.0 = Release|Any CPU
		{F15CF86B-0D19-4D17-9B85-DB5D1771AFEB}.Debug|Any CPU.ActiveCfg = Debug|Any CPU
		{F15CF86B-0D19-4D17-9B85-DB5D1771AFEB}.Debug|Any CPU.Build.0 = Debug|Any CPU
		{F15CF86B-0D19-4D17-9B85-DB5D1771AFEB}.Release|Any CPU.ActiveCfg = Release|Any CPU
		{F15CF86B-0D19-4D17-9B85-DB5D1771AFEB}.Release|Any CPU.Build.0 = Release|Any CPU
		{FDE84437-FB20-4034-B274-E6AC7667C584}.Debug|Any CPU.ActiveCfg = Debug|Any CPU
		{FDE84437-FB20-4034-B274-E6AC7667C584}.Debug|Any CPU.Build.0 = Debug|Any CPU
		{FDE84437-FB20-4034-B274-E6AC7667C584}.Release|Any CPU.ActiveCfg = Release|Any CPU
		{FDE84437-FB20-4034-B274-E6AC7667C584}.Release|Any CPU.Build.0 = Release|Any CPU
	EndGlobalSection
	GlobalSection(SolutionProperties) = preSolution
		HideSolutionNode = FALSE
	EndGlobalSection
	GlobalSection(NestedProjects) = preSolution
		{AB511A11-E7F1-4F26-B517-C5C6DE5DB6CA} = {A5E2B612-ABF5-4E8A-B88E-613F38D40485}
		{F15CF86B-0D19-4D17-9B85-DB5D1771AFEB} = {A5E2B612-ABF5-4E8A-B88E-613F38D40485}
		{FDE84437-FB20-4034-B274-E6AC7667C584} = {18D71153-0F0B-49A8-87E9-9510A8B800EF}
		{8AC01E8A-510D-4E70-B5DC-4240C9CA840E} = {18D71153-0F0B-49A8-87E9-9510A8B800EF}
		{DFD861B2-3CEA-43EA-8C54-F4B5DC77CD2C} = {E811FA7E-3893-4E04-965F-E7FA7405D4A0}
	EndGlobalSection
EndGlobal
